{
  "nodes": {
    "hm": {
      "inputs": {
        "nixpkgs": [
          "nixpkgs"
        ],
        "utils": "utils"
      },
      "locked": {
        "lastModified": 1677533532,
        "narHash": "sha256-2Ie47MONhIFOxvbLmwhmCCe/IoVDVd7YnoK61vu5Xy8=",
        "owner": "nix-community",
        "repo": "home-manager",
        "rev": "305daba44a9df57738cffc67c08129005a25579a",
        "type": "github"
      },
      "original": {
        "owner": "nix-community",
        "repo": "home-manager",
        "type": "github"
      }
    },
    "nixpkgs": {
      "locked": {
        "lastModified": 1677549445,
        "narHash": "sha256-q/+ShcGUqnMcs50mgJqd/1DXsN3HNcy6kzkfHkc4Snc=",
        "owner": "nixos",
        "repo": "nixpkgs",
        "rev": "660e32a9ffb0cc797b9dd2dd6e26b9bd43deb3d7",
        "type": "github"
      },
      "original": {
        "owner": "nixos",
        "repo": "nixpkgs",
        "type": "github"
      }
    },
    "root": {
      "inputs": {
        "hm": "hm",
        "nixpkgs": "nixpkgs"
      }
    },
    "utils": {
      "locked": {
        "lastModified": 1667395993,
        "narHash": "sha256-nuEHfE/LcWyuSWnS8t12N1wc105Qtau+/OdUAjtQ0rA=",
        "owner": "numtide",
        "repo": "flake-utils",
        "rev": "5aed5285a952e0b949eb3ba02c12fa4fcfef535f",
        "type": "github"
      },
      "original": {
        "owner": "numtide",
        "repo": "flake-utils",
        "type": "github"
      }
    }
  },
  "root": "root",
  "version": 7
}
